
Microsoft Visual Studio Solution File, Format Version 12.00
# Visual Studio 2017
Project("{FAE04EC0-301F-11D3-BF4B-00C04F79EFBC}") = "Idle_Frost_Game", "Idle_Frost_Game.csproj", "{055FF290-1297-6344-64A2-C06D46F99FE7}"
EndProject
Project("{FAE04EC0-301F-11D3-BF4B-00C04F79EFBC}") = "Idle_Frost_Game.Editor", "Idle_Frost_Game.Editor.csproj", "{0CCBE9DF-70C5-FE49-1044-D633A5EC3F24}"
EndProject
Global
	GlobalSection(SolutionConfigurationPlatforms) = preSolution
		Debug|Any CPU = Debug|Any CPU
		Release|Any CPU = Release|Any CPU
	EndGlobalSection
	GlobalSection(ProjectConfigurationPlatforms) = postSolution
		{055FF290-1297-6344-64A2-C06D46F99FE7}.Debug|Any CPU.ActiveCfg = Debug|Any CPU
		{055FF290-1297-6344-64A2-C06D46F99FE7}.Debug|Any CPU.Build.0 = Debug|Any CPU
		{055FF290-1297-6344-64A2-C06D46F99FE7}.Release|Any CPU.ActiveCfg = Release|Any CPU
		{055FF290-1297-6344-64A2-C06D46F99FE7}.Release|Any CPU.Build.0 = Release|Any CPU
		{0CCBE9DF-70C5-FE49-1044-D633A5EC3F24}.Debug|Any CPU.ActiveCfg = Debug|Any CPU
		{0CCBE9DF-70C5-FE49-1044-D633A5EC3F24}.Debug|Any CPU.Build.0 = Debug|Any CPU
		{0CCBE9DF-70C5-FE49-1044-D633A5EC3F24}.Release|Any CPU.ActiveCfg = Release|Any CPU
		{0CCBE9DF-70C5-FE49-1044-D633A5EC3F24}.Release|Any CPU.Build.0 = Release|Any CPU
	EndGlobalSection
	GlobalSection(SolutionProperties) = preSolution
		HideSolutionNode = FALSE
	EndGlobalSection
EndGlobal
